// !$*UTF8*$!
{
	archiveVersion = 1;
	classes = {
	};
	objectVersion = 56;
	objects = {

/* Begin PBXBuildFile section */
		3B8F1C4D2A51F48000B5064B /* RNApp.swift in Sources */ = {isa = PBXBuildFile; fileRef = 3B8F1C4C2A51F48000B5064B /* RNApp.swift */; };
		3B8F1C4F2A51F48000B5064B /* ContentView.swift in Sources */ = {isa = PBXBuildFile; fileRef = 3B8F1C4E2A51F48000B5064B /* ContentView.swift */; };
		3B8F1C512A51F48100B5064B /* Assets.xcassets in Resources */ = {isa = PBXBuildFile; fileRef = 3B8F1C502A51F48100B5064B /* Assets.xcassets */; };
		3B8F1C542A51F48100B5064B /* Preview Assets.xcassets in Resources */ = {isa = PBXBuildFile; fileRef = 3B8F1C532A51F48100B5064B /* Preview Assets.xcassets */; };
		3B8F1C5E2A51F48100B5064B /* RNTests.swift in Sources */ = {isa = PBXBuildFile; fileRef = 3B8F1C5D2A51F48100B5064B /* RNTests.swift */; };
		3B8F1C682A51F48100B5064B /* RNUITests.swift in Sources */ = {isa = PBXBuildFile; fileRef = 3B8F1C672A51F48100B5064B /* RNUITests.swift */; };
		3B8F1C6A2A51F48100B5064B /* RNUITestsLaunchTests.swift in Sources */ = {isa = PBXBuildFile; fileRef = 3B8F1C692A51F48100B5064B /* RNUITestsLaunchTests.swift */; };
/* End PBXBuildFile section */

/* Begin PBXContainerItemProxy section */
		3B8F1C5A2A51F48100B5064B /* PBXContainerItemProxy */ = {
			isa = PBXContainerItemProxy;
			containerPortal = 3B8F1C412A51F48000B5064B /* Project object */;
			proxyType = 1;
			remoteGlobalIDString = 3B8F1C482A51F48000B5064B;
			remoteInfo = RN;
		};
		3B8F1C642A51F48100B5064B /* PBXContainerItemProxy */ = {
			isa = PBXContainerItemProxy;
			containerPortal = 3B8F1C412A51F48000B5064B /* Project object */;
			proxyType = 1;
			remoteGlobalIDString = 3B8F1C482A51F48000B5064B;
			remoteInfo = RN;
		};
/* End PBXContainerItemProxy section */

/* Begin PBXFileReference section */
		3B8F1C492A51F48000B5064B /* RN.app */ = {isa = PBXFileReference; explicitFileType = wrapper.application; includeInIndex = 0; path = RN.app; sourceTree = BUILT_PRODUCTS_DIR; };
		3B8F1C4C2A51F48000B5064B /* RNApp.swift */ = {isa = PBXFileReference; lastKnownFileType = sourcecode.swift; path = RNApp.swift; sourceTree = "<group>"; };
		3B8F1C4E2A51F48000B5064B /* ContentView.swift */ = {isa = PBXFileReference; lastKnownFileType = sourcecode.swift; path = ContentView.swift; sourceTree = "<group>"; };
		3B8F1C502A51F48100B5064B /* Assets.xcassets */ = {isa = PBXFileReference; lastKnownFileType = folder.assetcatalog; path = Assets.xcassets; sourceTree = "<group>"; };
		3B8F1C532A51F48100B5064B /* Preview Assets.xcassets */ = {isa = PBXFileReference; lastKnownFileType = folder.assetcatalog; path = "Preview Assets.xcassets"; sourceTree = "<group>"; };
		3B8F1C592A51F48100B5064B /* RNTests.xctest */ = {isa = PBXFileReference; explicitFileType = wrapper.cfbundle; includeInIndex = 0; path = RNTests.xctest; sourceTree = BUILT_PRODUCTS_DIR; };
		3B8F1C5D2A51F48100B5064B /* RNTests.swift */ = {isa = PBXFileReference; lastKnownFileType = sourcecode.swift; path = RNTests.swift; sourceTree = "<group>"; };
		3B8F1C632A51F48100B5064B /* RNUITests.xctest */ = {isa = PBXFileReference; explicitFileType = wrapper.cfbundle; includeInIndex = 0; path = RNUITests.xctest; sourceTree = BUILT_PRODUCTS_DIR; };
		3B8F1C672A51F48100B5064B /* RNUITests.swift */ = {isa = PBXFileReference; lastKnownFileType = sourcecode.swift; path = RNUITests.swift; sourceTree = "<group>"; };
		3B8F1C692A51F48100B5064B /* RNUITestsLaunchTests.swift */ = {isa = PBXFileReference; lastKnownFileType = sourcecode.swift; path = RNUITestsLaunchTests.swift; sourceTree = "<group>"; };
/* End PBXFileReference section */

/* Begin PBXFrameworksBuildPhase section */
		3B8F1C462A51F48000B5064B /* Frameworks */ = {
			isa = PBXFrameworksBuildPhase;
			buildActionMask = 2147483647;
			files = (
			);
			runOnlyForDeploymentPostprocessing = 0;
		};
		3B8F1C562A51F48100B5064B /* Frameworks */ = {
			isa = PBXFrameworksBuildPhase;
			buildActionMask = 2147483647;
			files = (
			);
			runOnlyForDeploymentPostprocessing = 0;
		};
		3B8F1C602A51F48100B5064B /* Frameworks */ = {
			isa = PBXFrameworksBuildPhase;
			buildActionMask = 2147483647;
			files = (
			);
			runOnlyForDeploymentPostprocessing = 0;
		};
/* End PBXFrameworksBuildPhase section */

/* Begin PBXGroup section */
		3B8F1C402A51F48000B5064B = {
			isa = PBXGroup;
			children = (
				3B8F1C4B2A51F48000B5064B /* RN */,
				3B8F1C5C2A51F48100B5064B /* RNTests */,
				3B8F1C662A51F48100B5064B /* RNUITests */,
				3B8F1C4A2A51F48000B5064B /* Products */,
			);
			sourceTree = "<group>";
		};
		3B8F1C4A2A51F48000B5064B /* Products */ = {
			isa = PBXGroup;
			children = (
				3B8F1C492A51F48000B5064B /* RN.app */,
				3B8F1C592A51F48100B5064B /* RNTests.xctest */,
				3B8F1C632A51F48100B5064B /* RNUITests.xctest */,
			);
			name = Products;
			sourceTree = "<group>";
		};
		3B8F1C4B2A51F48000B5064B /* RN */ = {
			isa = PBXGroup;
			children = (
				3B8F1C4C2A51F48000B5064B /* RNApp.swift */,
				3B8F1C4E2A51F48000B5064B /* ContentView.swift */,
				3B8F1C502A51F48100B5064B /* Assets.xcassets */,
				3B8F1C522A51F48100B5064B /* Preview Content */,
			);
			path = RN;
			sourceTree = "<group>";
		};
		3B8F1C522A51F48100B5064B /* Preview Content */ = {
			isa = PBXGroup;
			children = (
				3B8F1C532A51F48100B5064B /* Preview Assets.xcassets */,
			);
			path = "Preview Content";
			sourceTree = "<group>";
		};
		3B8F1C5C2A51F48100B5064B /* RNTests */ = {
			isa = PBXGroup;
			children = (
				3B8F1C5D2A51F48100B5064B /* RNTests.swift */,
			);
			path = RNTests;
			sourceTree = "<group>";
		};
		3B8F1C662A51F48100B5064B /* RNUITests */ = {
			isa = PBXGroup;
			children = (
				3B8F1C672A51F48100B5064B /* RNUITests.swift */,
				3B8F1C692A51F48100B5064B /* RNUITestsLaunchTests.swift */,
			);
			path = RNUITests;
			sourceTree = "<group>";
		};
/* End PBXGroup section */

/* Begin PBXNativeTarget section */
		3B8F1C482A51F48000B5064B /* RN */ = {
			isa = PBXNativeTarget;
			buildConfigurationList = 3B8F1C6D2A51F48100B5064B /* Build configuration list for PBXNativeTarget "RN" */;
			buildPhases = (
				3B8F1C452A51F48000B5064B /* Sources */,
				3B8F1C462A51F48000B5064B /* Frameworks */,
				3B8F1C472A51F48000B5064B /* Resources */,
			);
			buildRules = (
			);
			dependencies = (
			);
			name = RN;
			productName = RN;
			productReference = 3B8F1C492A51F48000B5064B /* RN.app */;
			productType = "com.apple.product-type.application";
		};
		3B8F1C582A51F48100B5064B /* RNTests */ = {
			isa = PBXNativeTarget;
			buildConfigurationList = 3B8F1C702A51F48100B5064B /* Build configuration list for PBXNativeTarget "RNTests" */;
			buildPhases = (
				3B8F1C552A51F48100B5064B /* Sources */,
				3B8F1C562A51F48100B5064B /* Frameworks */,
				3B8F1C572A51F48100B5064B /* Resources */,
			);
			buildRules = (
			);
			dependencies = (
				3B8F1C5B2A51F48100B5064B /* PBXTargetDependency */,
			);
			name = RNTests;
			productName = RNTests;
			productReference = 3B8F1C592A51F48100B5064B /* RNTests.xctest */;
			productType = "com.apple.product-type.bundle.unit-test";
		};
		3B8F1C622A51F48100B5064B /* RNUITests */ = {
			isa = PBXNativeTarget;
			buildConfigurationList = 3B8F1C732A51F48100B5064B /* Build configuration list for PBXNativeTarget "RNUITests" */;
			buildPhases = (
				3B8F1C5F2A51F48100B5064B /* Sources */,
				3B8F1C602A51F48100B5064B /* Frameworks */,
				3B8F1C612A51F48100B5064B /* Resources */,
			);
			buildRules = (
			);
			dependencies = (
				3B8F1C652A51F48100B5064B /* PBXTargetDependency */,
			);
			name = RNUITests;
			productName = RNUITests;
			productReference = 3B8F1C632A51F48100B5064B /* RNUITests.xctest */;
			productType = "com.apple.product-type.bundle.ui-testing";
		};
/* End PBXNativeTarget section */

/* Begin PBXProject section */
		3B8F1C412A51F48000B5064B /* Project object */ = {
			isa = PBXProject;
			attributes = {
				BuildIndependentTargetsInParallel = 1;
				LastSwiftUpdateCheck = 1430;
				LastUpgradeCheck = 1430;
				TargetAttributes = {
					3B8F1C482A51F48000B5064B = {
						CreatedOnToolsVersion = 14.3.1;
					};
					3B8F1C582A51F48100B5064B = {
						CreatedOnToolsVersion = 14.3.1;
						TestTargetID = 3B8F1C482A51F48000B5064B;
					};
					3B8F1C622A51F48100B5064B = {
						CreatedOnToolsVersion = 14.3.1;
						TestTargetID = 3B8F1C482A51F48000B5064B;
					};
				};
			};
			buildConfigurationList = 3B8F1C442A51F48000B5064B /* Build configuration list for PBXProject "RN" */;
			compatibilityVersion = "Xcode 14.0";
			developmentRegion = en;
			hasScannedForEncodings = 0;
			knownRegions = (
				en,
				Base,
			);
			mainGroup = 3B8F1C402A51F48000B5064B;
			productRefGroup = 3B8F1C4A2A51F48000B5064B /* Products */;
			projectDirPath = "";
			projectRoot = "";
			targets = (
				3B8F1C482A51F48000B5064B /* RN */,
				3B8F1C582A51F48100B5064B /* RNTests */,
				3B8F1C622A51F48100B5064B /* RNUITests */,
			);
		};
/* End PBXProject section */

/* Begin PBXResourcesBuildPhase section */
		3B8F1C472A51F48000B5064B /* Resources */ = {
			isa = PBXResourcesBuildPhase;
			buildActionMask = 2147483647;
			files = (
				3B8F1C542A51F48100B5064B /* Preview Assets.xcassets in Resources */,
				3B8F1C512A51F48100B5064B /* Assets.xcassets in Resources */,
			);
			runOnlyForDeploymentPostprocessing = 0;
		};
		3B8F1C572A51F48100B5064B /* Resources */ = {
			isa = PBXResourcesBuildPhase;
			buildActionMask = 2147483647;
			files = (
			);
			runOnlyForDeploymentPostprocessing = 0;
		};
		3B8F1C612A51F48100B5064B /* Resources */ = {
			isa = PBXResourcesBuildPhase;
			buildActionMask = 2147483647;
			files = (
			);
			runOnlyForDeploymentPostprocessing = 0;
		};
/* End PBXResourcesBuildPhase section */

/* Begin PBXSourcesBuildPhase section */
		3B8F1C452A51F48000B5064B /* Sources */ = {
			isa = PBXSourcesBuildPhase;
			buildActionMask = 2147483647;
			files = (
				3B8F1C4F2A51F48000B5064B /* ContentView.swift in Sources */,
				3B8F1C4D2A51F48000B5064B /* RNApp.swift in Sources */,
			);
			runOnlyForDeploymentPostprocessing = 0;
		};
		3B8F1C552A51F48100B5064B /* Sources */ = {
			isa = PBXSourcesBuildPhase;
			buildActionMask = 2147483647;
			files = (
				3B8F1C5E2A51F48100B5064B /* RNTests.swift in Sources */,
			);
			runOnlyForDeploymentPostprocessing = 0;
		};
		3B8F1C5F2A51F48100B5064B /* Sources */ = {
			isa = PBXSourcesBuildPhase;
			buildActionMask = 2147483647;
			files = (
				3B8F1C6A2A51F48100B5064B /* RNUITestsLaunchTests.swift in Sources */,
				3B8F1C682A51F48100B5064B /* RNUITests.swift in Sources */,
			);
			runOnlyForDeploymentPostprocessing = 0;
		};
/* End PBXSourcesBuildPhase section */

/* Begin PBXTargetDependency section */
		3B8F1C5B2A51F48100B5064B /* PBXTargetDependency */ = {
			isa = PBXTargetDependency;
			target = 3B8F1C482A51F48000B5064B /* RN */;
			targetProxy = 3B8F1C5A2A51F48100B5064B /* PBXContainerItemProxy */;
		};
		3B8F1C652A51F48100B5064B /* PBXTargetDependency */ = {
			isa = PBXTargetDependency;
			target = 3B8F1C482A51F48000B5064B /* RN */;
			targetProxy = 3B8F1C642A51F48100B5064B /* PBXContainerItemProxy */;
		};
/* End PBXTargetDependency section */

/* Begin XCBuildConfiguration section */
		3B8F1C6B2A51F48100B5064B /* Debug */ = {
			isa = XCBuildConfiguration;
			buildSettings = {
				ALWAYS_SEARCH_USER_PATHS = NO;
				CLANG_ANALYZER_NONNULL = YES;
				CLANG_ANALYZER_NUMBER_OBJECT_CONVERSION = YES_AGGRESSIVE;
				CLANG_CXX_LANGUAGE_STANDARD = "gnu++20";
				CLANG_ENABLE_MODULES = YES;
				CLANG_ENABLE_OBJC_ARC = YES;
				CLANG_ENABLE_OBJC_WEAK = YES;
				CLANG_WARN_BLOCK_CAPTURE_AUTORELEASING = YES;
				CLANG_WARN_BOOL_CONVERSION = YES;
				CLANG_WARN_COMMA = YES;
				CLANG_WARN_CONSTANT_CONVERSION = YES;
				CLANG_WARN_DEPRECATED_OBJC_IMPLEMENTATIONS = YES;
				CLANG_WARN_DIRECT_OBJC_ISA_USAGE = YES_ERROR;
				CLANG_WARN_DOCUMENTATION_COMMENTS = YES;
				CLANG_WARN_EMPTY_BODY = YES;
				CLANG_WARN_ENUM_CONVERSION = YES;
				CLANG_WARN_INFINITE_RECURSION = YES;
				CLANG_WARN_INT_CONVERSION = YES;
				CLANG_WARN_NON_LITERAL_NULL_CONVERSION = YES;
				CLANG_WARN_OBJC_IMPLICIT_RETAIN_SELF = YES;
				CLANG_WARN_OBJC_LITERAL_CONVERSION = YES;
				CLANG_WARN_OBJC_ROOT_CLASS = YES_ERROR;
				CLANG_WARN_QUOTED_INCLUDE_IN_FRAMEWORK_HEADER = YES;
				CLANG_WARN_RANGE_LOOP_ANALYSIS = YES;
				CLANG_WARN_STRICT_PROTOTYPES = YES;
				CLANG_WARN_SUSPICIOUS_MOVE = YES;
				CLANG_WARN_UNGUARDED_AVAILABILITY = YES_AGGRESSIVE;
				CLANG_WARN_UNREACHABLE_CODE = YES;
				CLANG_WARN__DUPLICATE_METHOD_MATCH = YES;
				COPY_PHASE_STRIP = NO;
				DEBUG_INFORMATION_FORMAT = dwarf;
				ENABLE_STRICT_OBJC_MSGSEND = YES;
				ENABLE_TESTABILITY = YES;
				GCC_C_LANGUAGE_STANDARD = gnu11;
				GCC_DYNAMIC_NO_PIC = NO;
				GCC_NO_COMMON_BLOCKS = YES;
				GCC_OPTIMIZATION_LEVEL = 0;
				GCC_PREPROCESSOR_DEFINITIONS = (
					"DEBUG=1",
					"$(inherited)",
				);
				GCC_WARN_64_TO_32_BIT_CONVERSION = YES;
				GCC_WARN_ABOUT_RETURN_TYPE = YES_ERROR;
				GCC_WARN_UNDECLARED_SELECTOR = YES;
				GCC_WARN_UNINITIALIZED_AUTOS = YES_AGGRESSIVE;
				GCC_WARN_UNUSED_FUNCTION = YES;
				GCC_WARN_UNUSED_VARIABLE = YES;
				IPHONEOS_DEPLOYMENT_TARGET = 16.4;
				MTL_ENABLE_DEBUG_INFO = INCLUDE_SOURCE;
				MTL_FAST_MATH = YES;
				ONLY_ACTIVE_ARCH = YES;
				SDKROOT = iphoneos;
				SWIFT_ACTIVE_COMPILATION_CONDITIONS = DEBUG;
				SWIFT_OPTIMIZATION_LEVEL = "-Onone";
			};
			name = Debug;
		};
		3B8F1C6C2A51F48100B5064B /* Release */ = {
			isa = XCBuildConfiguration;
			buildSettings = {
				ALWAYS_SEARCH_USER_PATHS = NO;
				CLANG_ANALYZER_NONNULL = YES;
				CLANG_ANALYZER_NUMBER_OBJECT_CONVERSION = YES_AGGRESSIVE;
				CLANG_CXX_LANGUAGE_STANDARD = "gnu++20";
				CLANG_ENABLE_MODULES = YES;
				CLANG_ENABLE_OBJC_ARC = YES;
				CLANG_ENABLE_OBJC_WEAK = YES;
				CLANG_WARN_BLOCK_CAPTURE_AUTORELEASING = YES;
				CLANG_WARN_BOOL_CONVERSION = YES;
				CLANG_WARN_COMMA = YES;
				CLANG_WARN_CONSTANT_CONVERSION = YES;
				CLANG_WARN_DEPRECATED_OBJC_IMPLEMENTATIONS = YES;
				CLANG_WARN_DIRECT_OBJC_ISA_USAGE = YES_ERROR;
				CLANG_WARN_DOCUMENTATION_COMMENTS = YES;
				CLANG_WARN_EMPTY_BODY = YES;
				CLANG_WARN_ENUM_CONVERSION = YES;
				CLANG_WARN_INFINITE_RECURSION = YES;
				CLANG_WARN_INT_CONVERSION = YES;
				CLANG_WARN_NON_LITERAL_NULL_CONVERSION = YES;
				CLANG_WARN_OBJC_IMPLICIT_RETAIN_SELF = YES;
				CLANG_WARN_OBJC_LITERAL_CONVERSION = YES;
				CLANG_WARN_OBJC_ROOT_CLASS = YES_ERROR;
				CLANG_WARN_QUOTED_INCLUDE_IN_FRAMEWORK_HEADER = YES;
				CLANG_WARN_RANGE_LOOP_ANALYSIS = YES;
				CLANG_WARN_STRICT_PROTOTYPES = YES;
				CLANG_WARN_SUSPICIOUS_MOVE = YES;
				CLANG_WARN_UNGUARDED_AVAILABILITY = YES_AGGRESSIVE;
				CLANG_WARN_UNREACHABLE_CODE = YES;
				CLANG_WARN__DUPLICATE_METHOD_MATCH = YES;
				COPY_PHASE_STRIP = NO;
				DEBUG_INFORMATION_FORMAT = "dwarf-with-dsym";
				ENABLE_NS_ASSERTIONS = NO;
				ENABLE_STRICT_OBJC_MSGSEND = YES;
				GCC_C_LANGUAGE_STANDARD = gnu11;
				GCC_NO_COMMON_BLOCKS = YES;
				GCC_WARN_64_TO_32_BIT_CONVERSION = YES;
				GCC_WARN_ABOUT_RETURN_TYPE = YES_ERROR;
				GCC_WARN_UNDECLARED_SELECTOR = YES;
				GCC_WARN_UNINITIALIZED_AUTOS = YES_AGGRESSIVE;
				GCC_WARN_UNUSED_FUNCTION = YES;
				GCC_WARN_UNUSED_VARIABLE = YES;
				IPHONEOS_DEPLOYMENT_TARGET = 16.4;
				MTL_ENABLE_DEBUG_INFO = NO;
				MTL_FAST_MATH = YES;
				SDKROOT = iphoneos;
				SWIFT_COMPILATION_MODE = wholemodule;
				SWIFT_OPTIMIZATION_LEVEL = "-O";
				VALIDATE_PRODUCT = YES;
			};
			name = Release;
		};
		3B8F1C6E2A51F48100B5064B /* Debug */ = {
			isa = XCBuildConfiguration;
			buildSettings = {
				ASSETCATALOG_COMPILER_APPICON_NAME = AppIcon;
				ASSETCATALOG_COMPILER_GLOBAL_ACCENT_COLOR_NAME = AccentColor;
				CODE_SIGN_STYLE = Automatic;
				CURRENT_PROJECT_VERSION = 1;
				DEVELOPMENT_ASSET_PATHS = "\"RN/Preview Content\"";
				ENABLE_PREVIEWS = YES;
				GENERATE_INFOPLIST_FILE = YES;
				INFOPLIST_KEY_UIApplicationSceneManifest_Generation = YES;
				INFOPLIST_KEY_UIApplicationSupportsIndirectInputEvents = YES;
				INFOPLIST_KEY_UILaunchScreen_Generation = YES;
				INFOPLIST_KEY_UISupportedInterfaceOrientations_iPad = "UIInterfaceOrientationPortrait UIInterfaceOrientationPortraitUpsideDown UIInterfaceOrientationLandscapeLeft UIInterfaceOrientationLandscapeRight";
				INFOPLIST_KEY_UISupportedInterfaceOrientations_iPhone = "UIInterfaceOrientationPortrait UIInterfaceOrientationLandscapeLeft UIInterfaceOrientationLandscapeRight";
				LD_RUNPATH_SEARCH_PATHS = (
					"$(inherited)",
					"@executable_path/Frameworks",
				);
				MARKETING_VERSION = 1.0;
				PRODUCT_BUNDLE_IDENTIFIER = none.RN;
				PRODUCT_NAME = "$(TARGET_NAME)";
				SWIFT_EMIT_LOC_STRINGS = YES;
				SWIFT_VERSION = 5.0;
				TARGETED_DEVICE_FAMILY = "1,2";
			};
			name = Debug;
		};
		3B8F1C6F2A51F48100B5064B /* Release */ = {
			isa = XCBuildConfiguration;
			buildSettings = {
				ASSETCATALOG_COMPILER_APPICON_NAME = AppIcon;
				ASSETCATALOG_COMPILER_GLOBAL_ACCENT_COLOR_NAME = AccentColor;
				CODE_SIGN_STYLE = Automatic;
				CURRENT_PROJECT_VERSION = 1;
				DEVELOPMENT_ASSET_PATHS = "\"RN/Preview Content\"";
				ENABLE_PREVIEWS = YES;
				GENERATE_INFOPLIST_FILE = YES;
				INFOPLIST_KEY_UIApplicationSceneManifest_Generation = YES;
				INFOPLIST_KEY_UIApplicationSupportsIndirectInputEvents = YES;
				INFOPLIST_KEY_UILaunchScreen_Generation = YES;
				INFOPLIST_KEY_UISupportedInterfaceOrientations_iPad = "UIInterfaceOrientationPortrait UIInterfaceOrientationPortraitUpsideDown UIInterfaceOrientationLandscapeLeft UIInterfaceOrientationLandscapeRight";
				INFOPLIST_KEY_UISupportedInterfaceOrientations_iPhone = "UIInterfaceOrientationPortrait UIInterfaceOrientationLandscapeLeft UIInterfaceOrientationLandscapeRight";
				LD_RUNPATH_SEARCH_PATHS = (
					"$(inherited)",
					"@executable_path/Frameworks",
				);
				MARKETING_VERSION = 1.0;
				PRODUCT_BUNDLE_IDENTIFIER = none.RN;
				PRODUCT_NAME = "$(TARGET_NAME)";
				SWIFT_EMIT_LOC_STRINGS = YES;
				SWIFT_VERSION = 5.0;
				TARGETED_DEVICE_FAMILY = "1,2";
			};
			name = Release;
		};
		3B8F1C712A51F48100B5064B /* Debug */ = {
			isa = XCBuildConfiguration;
			buildSettings = {
				ALWAYS_EMBED_SWIFT_STANDARD_LIBRARIES = YES;
				BUNDLE_LOADER = "$(TEST_HOST)";
				CODE_SIGN_STYLE = Automatic;
				CURRENT_PROJECT_VERSION = 1;
				GENERATE_INFOPLIST_FILE = YES;
				IPHONEOS_DEPLOYMENT_TARGET = 16.4;
				MARKETING_VERSION = 1.0;
				PRODUCT_BUNDLE_IDENTIFIER = none.RNTests;
				PRODUCT_NAME = "$(TARGET_NAME)";
				SWIFT_EMIT_LOC_STRINGS = NO;
				SWIFT_VERSION = 5.0;
				TARGETED_DEVICE_FAMILY = "1,2";
				TEST_HOST = "$(BUILT_PRODUCTS_DIR)/RN.app/$(BUNDLE_EXECUTABLE_FOLDER_PATH)/RN";
			};
			name = Debug;
		};
		3B8F1C722A51F48100B5064B /* Release */ = {
			isa = XCBuildConfiguration;
			buildSettings = {
				ALWAYS_EMBED_SWIFT_STANDARD_LIBRARIES = YES;
				BUNDLE_LOADER = "$(TEST_HOST)";
				CODE_SIGN_STYLE = Automatic;
				CURRENT_PROJECT_VERSION = 1;
				GENERATE_INFOPLIST_FILE = YES;
				IPHONEOS_DEPLOYMENT_TARGET = 16.4;
				MARKETING_VERSION = 1.0;
				PRODUCT_BUNDLE_IDENTIFIER = none.RNTests;
				PRODUCT_NAME = "$(TARGET_NAME)";
				SWIFT_EMIT_LOC_STRINGS = NO;
				SWIFT_VERSION = 5.0;
				TARGETED_DEVICE_FAMILY = "1,2";
				TEST_HOST = "$(BUILT_PRODUCTS_DIR)/RN.app/$(BUNDLE_EXECUTABLE_FOLDER_PATH)/RN";
			};
			name = Release;
		};
		3B8F1C742A51F48100B5064B /* Debug */ = {
			isa = XCBuildConfiguration;
			buildSettings = {
				ALWAYS_EMBED_SWIFT_STANDARD_LIBRARIES = YES;
				CODE_SIGN_STYLE = Automatic;
				CURRENT_PROJECT_VERSION = 1;
				GENERATE_INFOPLIST_FILE = YES;
				MARKETING_VERSION = 1.0;
				PRODUCT_BUNDLE_IDENTIFIER = none.RNUITests;
				PRODUCT_NAME = "$(TARGET_NAME)";
				SWIFT_EMIT_LOC_STRINGS = NO;
				SWIFT_VERSION = 5.0;
				TARGETED_DEVICE_FAMILY = "1,2";
				TEST_TARGET_NAME = RN;
			};
			name = Debug;
		};
		3B8F1C752A51F48100B5064B /* Release */ = {
			isa = XCBuildConfiguration;
			buildSettings = {
				ALWAYS_EMBED_SWIFT_STANDARD_LIBRARIES = YES;
				CODE_SIGN_STYLE = Automatic;
				CURRENT_PROJECT_VERSION = 1;
				GENERATE_INFOPLIST_FILE = YES;
				MARKETING_VERSION = 1.0;
				PRODUCT_BUNDLE_IDENTIFIER = none.RNUITests;
				PRODUCT_NAME = "$(TARGET_NAME)";
				SWIFT_EMIT_LOC_STRINGS = NO;
				SWIFT_VERSION = 5.0;
				TARGETED_DEVICE_FAMILY = "1,2";
				TEST_TARGET_NAME = RN;
			};
			name = Release;
		};
/* End XCBuildConfiguration section */

/* Begin XCConfigurationList section */
		3B8F1C442A51F48000B5064B /* Build configuration list for PBXProject "RN" */ = {
			isa = XCConfigurationList;
			buildConfigurations = (
				3B8F1C6B2A51F48100B5064B /* Debug */,
				3B8F1C6C2A51F48100B5064B /* Release */,
			);
			defaultConfigurationIsVisible = 0;
			defaultConfigurationName = Release;
		};
		3B8F1C6D2A51F48100B5064B /* Build configuration list for PBXNativeTarget "RN" */ = {
			isa = XCConfigurationList;
			buildConfigurations = (
				3B8F1C6E2A51F48100B5064B /* Debug */,
				3B8F1C6F2A51F48100B5064B /* Release */,
			);
			defaultConfigurationIsVisible = 0;
			defaultConfigurationName = Release;
		};
		3B8F1C702A51F48100B5064B /* Build configuration list for PBXNativeTarget "RNTests" */ = {
			isa = XCConfigurationList;
			buildConfigurations = (
				3B8F1C712A51F48100B5064B /* Debug */,
				3B8F1C722A51F48100B5064B /* Release */,
			);
			defaultConfigurationIsVisible = 0;
			defaultConfigurationName = Release;
		};
		3B8F1C732A51F48100B5064B /* Build configuration list for PBXNativeTarget "RNUITests" */ = {
			isa = XCConfigurationList;
			buildConfigurations = (
				3B8F1C742A51F48100B5064B /* Debug */,
				3B8F1C752A51F48100B5064B /* Release */,
			);
			defaultConfigurationIsVisible = 0;
			defaultConfigurationName = Release;
		};
/* End XCConfigurationList section */
	};
	rootObject = 3B8F1C412A51F48000B5064B /* Project object */;
}
